
Microsoft Visual Studio Solution File, Format Version 12.00
# Visual Studio Version 17
VisualStudioVersion = 17.4.33213.308
MinimumVisualStudioVersion = 10.0.40219.1
Project("{FAE04EC0-301F-11D3-BF4B-00C04F79EFBC}") = "Notepad", "Notepad\Notepad.csproj", "{C6745AD7-4F25-4535-BE5E-2E5DDB186EB2}"
EndProject
Global
	GlobalSection(SolutionConfigurationPlatforms) = preSolution
		Debug|Any CPU = Debug|Any CPU
		Release|Any CPU = Release|Any CPU
	EndGlobalSection
	GlobalSection(ProjectConfigurationPlatforms) = postSolution
		{C6745AD7-4F25-4535-BE5E-2E5DDB186EB2}.Debug|Any CPU.ActiveCfg = Debug|Any CPU
		{C6745AD7-4F25-4535-BE5E-2E5DDB186EB2}.Debug|Any CPU.Build.0 = Debug|Any CPU
		{C6745AD7-4F25-4535-BE5E-2E5DDB186EB2}.Release|Any CPU.ActiveCfg = Release|Any CPU
		{C6745AD7-4F25-4535-BE5E-2E5DDB186EB2}.Release|Any CPU.Build.0 = Release|Any CPU
	EndGlobalSection
	GlobalSection(SolutionProperties) = preSolution
		HideSolutionNode = FALSE
	EndGlobalSection
	GlobalSection(ExtensibilityGlobals) = postSolution
		SolutionGuid = {09C8C352-D24D-4219-AECD-3A16DF7CDAF6}
	EndGlobalSection
EndGlobal
